// !$*UTF8*$!
{
	archiveVersion = 1;
	classes = {
	};
	objectVersion = 56;
	objects = {

/* Begin PBXBuildFile section */
		25019CA02AEA058F00C116ED /* FinalProjectApp.swift in Sources */ = {isa = PBXBuildFile; fileRef = 25019C9F2AEA058F00C116ED /* FinalProjectApp.swift */; };
		25019CA22AEA058F00C116ED /* ContentView.swift in Sources */ = {isa = PBXBuildFile; fileRef = 25019CA12AEA058F00C116ED /* ContentView.swift */; };
		25019CA42AEA059000C116ED /* Assets.xcassets in Resources */ = {isa = PBXBuildFile; fileRef = 25019CA32AEA059000C116ED /* Assets.xcassets */; };
		25019CA82AEA059000C116ED /* Preview Assets.xcassets in Resources */ = {isa = PBXBuildFile; fileRef = 25019CA72AEA059000C116ED /* Preview Assets.xcassets */; };
		25019CB22AEA0DDD00C116ED /* CoordinateView.swift in Sources */ = {isa = PBXBuildFile; fileRef = 25019CB12AEA0DDD00C116ED /* CoordinateView.swift */; };
		25019CB42AEA0E4700C116ED /* MapView.swift in Sources */ = {isa = PBXBuildFile; fileRef = 25019CB32AEA0E4700C116ED /* MapView.swift */; };
		25019CB72AEA11AF00C116ED /* Times.swift in Sources */ = {isa = PBXBuildFile; fileRef = 25019CB62AEA11AF00C116ED /* Times.swift */; };
		25019CBB2AEA18F800C116ED /* NavigationLinkModifier.swift in Sources */ = {isa = PBXBuildFile; fileRef = 25019CBA2AEA18F800C116ED /* NavigationLinkModifier.swift */; };
		25019CBD2AEA2D3500C116ED /* TimeViewModel.swift in Sources */ = {isa = PBXBuildFile; fileRef = 25019CBC2AEA2D3500C116ED /* TimeViewModel.swift */; };
		25019CBF2AEA34EC00C116ED /* DateFormatter.swift in Sources */ = {isa = PBXBuildFile; fileRef = 25019CBE2AEA34EC00C116ED /* DateFormatter.swift */; };
		25019CC12AEA3F3500C116ED /* DebugTempView.swift in Sources */ = {isa = PBXBuildFile; fileRef = 25019CC02AEA3F3500C116ED /* DebugTempView.swift */; };
		25019CC32AEA3F8500C116ED /* PushNotificationService.swift in Sources */ = {isa = PBXBuildFile; fileRef = 25019CC22AEA3F8500C116ED /* PushNotificationService.swift */; };
		25019CDD2AFCBF2600C116ED /* Raleway-Black.ttf in Resources */ = {isa = PBXBuildFile; fileRef = 25019CD72AFCBEC200C116ED /* Raleway-Black.ttf */; };
		25019CDE2AFCBF2A00C116ED /* Raleway-BlackItalic.ttf in Resources */ = {isa = PBXBuildFile; fileRef = 25019CDA2AFCBEC300C116ED /* Raleway-BlackItalic.ttf */; };
		25019CDF2AFCBF3300C116ED /* Raleway-ExtraBold.ttf in Resources */ = {isa = PBXBuildFile; fileRef = 25019CCD2AFCBEC200C116ED /* Raleway-ExtraBold.ttf */; };
		25019CE02AFCBF3300C116ED /* Raleway-ExtraBoldItalic.ttf in Resources */ = {isa = PBXBuildFile; fileRef = 25019CCE2AFCBEC200C116ED /* Raleway-ExtraBoldItalic.ttf */; };
		25019CE12AFCBF3300C116ED /* Raleway-ExtraLight.ttf in Resources */ = {isa = PBXBuildFile; fileRef = 25019CD22AFCBEC200C116ED /* Raleway-ExtraLight.ttf */; };
		25019CE22AFCBF3300C116ED /* Raleway-ExtraLightItalic.ttf in Resources */ = {isa = PBXBuildFile; fileRef = 25019CD32AFCBEC200C116ED /* Raleway-ExtraLightItalic.ttf */; };
		25019CE32AFCBF3300C116ED /* Raleway-Italic.ttf in Resources */ = {isa = PBXBuildFile; fileRef = 25019CD82AFCBEC200C116ED /* Raleway-Italic.ttf */; };
		25019CE42AFCBF3300C116ED /* Raleway-Light.ttf in Resources */ = {isa = PBXBuildFile; fileRef = 25019CCB2AFCBEC200C116ED /* Raleway-Light.ttf */; };
		25019CE52AFCBF3300C116ED /* Raleway-LightItalic.ttf in Resources */ = {isa = PBXBuildFile; fileRef = 25019CD92AFCBEC200C116ED /* Raleway-LightItalic.ttf */; };
		25019CE62AFCBF3300C116ED /* Raleway-Medium.ttf in Resources */ = {isa = PBXBuildFile; fileRef = 25019CD42AFCBEC200C116ED /* Raleway-Medium.ttf */; };
		25019CE72AFCBF3300C116ED /* Raleway-MediumItalic.ttf in Resources */ = {isa = PBXBuildFile; fileRef = 25019CDB2AFCBEC300C116ED /* Raleway-MediumItalic.ttf */; };
		25019CE82AFCBF3300C116ED /* Raleway-Regular.ttf in Resources */ = {isa = PBXBuildFile; fileRef = 25019CD52AFCBEC200C116ED /* Raleway-Regular.ttf */; };
		25019CE92AFCBF3300C116ED /* Raleway-SemiBold.ttf in Resources */ = {isa = PBXBuildFile; fileRef = 25019CCF2AFCBEC200C116ED /* Raleway-SemiBold.ttf */; };
		25019CEA2AFCBF3300C116ED /* Raleway-SemiBoldItalic.ttf in Resources */ = {isa = PBXBuildFile; fileRef = 25019CD62AFCBEC200C116ED /* Raleway-SemiBoldItalic.ttf */; };
		25019CEB2AFCBF3300C116ED /* Raleway-Thin.ttf in Resources */ = {isa = PBXBuildFile; fileRef = 25019CDC2AFCBEC300C116ED /* Raleway-Thin.ttf */; };
		25019CEC2AFCBF3300C116ED /* Raleway-ThinItalic.ttf in Resources */ = {isa = PBXBuildFile; fileRef = 25019CD12AFCBEC200C116ED /* Raleway-ThinItalic.ttf */; };
		2576FB212B2197690075A390 /* PinnedLocations.swift in Sources */ = {isa = PBXBuildFile; fileRef = 2576FB202B2197690075A390 /* PinnedLocations.swift */; };
		25D6CD032B055A6A00FCC10A /* MapLocations.swift in Sources */ = {isa = PBXBuildFile; fileRef = 25D6CD022B055A6A00FCC10A /* MapLocations.swift */; };
		25D6CD052B05641200FCC10A /* MapViewModel.swift in Sources */ = {isa = PBXBuildFile; fileRef = 25D6CD042B05641200FCC10A /* MapViewModel.swift */; };
		25D6CD072B15A99600FCC10A /* GraphView.swift in Sources */ = {isa = PBXBuildFile; fileRef = 25D6CD062B15A99600FCC10A /* GraphView.swift */; };
		25D6CD092B15B3FB00FCC10A /* FutureSunrises.swift in Sources */ = {isa = PBXBuildFile; fileRef = 25D6CD082B15B3FB00FCC10A /* FutureSunrises.swift */; };
/* End PBXBuildFile section */

/* Begin PBXFileReference section */
		25019C9C2AEA058F00C116ED /* FinalProject.app */ = {isa = PBXFileReference; explicitFileType = wrapper.application; includeInIndex = 0; path = FinalProject.app; sourceTree = BUILT_PRODUCTS_DIR; };
		25019C9F2AEA058F00C116ED /* FinalProjectApp.swift */ = {isa = PBXFileReference; lastKnownFileType = sourcecode.swift; path = FinalProjectApp.swift; sourceTree = "<group>"; };
		25019CA12AEA058F00C116ED /* ContentView.swift */ = {isa = PBXFileReference; lastKnownFileType = sourcecode.swift; path = ContentView.swift; sourceTree = "<group>"; };
		25019CA32AEA059000C116ED /* Assets.xcassets */ = {isa = PBXFileReference; lastKnownFileType = folder.assetcatalog; path = Assets.xcassets; sourceTree = "<group>"; };
		25019CA52AEA059000C116ED /* FinalProject.entitlements */ = {isa = PBXFileReference; lastKnownFileType = text.plist.entitlements; path = FinalProject.entitlements; sourceTree = "<group>"; };
		25019CA72AEA059000C116ED /* Preview Assets.xcassets */ = {isa = PBXFileReference; lastKnownFileType = folder.assetcatalog; path = "Preview Assets.xcassets"; sourceTree = "<group>"; };
		25019CB12AEA0DDD00C116ED /* CoordinateView.swift */ = {isa = PBXFileReference; lastKnownFileType = sourcecode.swift; path = CoordinateView.swift; sourceTree = "<group>"; };
		25019CB32AEA0E4700C116ED /* MapView.swift */ = {isa = PBXFileReference; lastKnownFileType = sourcecode.swift; path = MapView.swift; sourceTree = "<group>"; };
		25019CB62AEA11AF00C116ED /* Times.swift */ = {isa = PBXFileReference; lastKnownFileType = sourcecode.swift; path = Times.swift; sourceTree = "<group>"; };
		25019CBA2AEA18F800C116ED /* NavigationLinkModifier.swift */ = {isa = PBXFileReference; lastKnownFileType = sourcecode.swift; path = NavigationLinkModifier.swift; sourceTree = "<group>"; };
		25019CBC2AEA2D3500C116ED /* TimeViewModel.swift */ = {isa = PBXFileReference; lastKnownFileType = sourcecode.swift; path = TimeViewModel.swift; sourceTree = "<group>"; };
		25019CBE2AEA34EC00C116ED /* DateFormatter.swift */ = {isa = PBXFileReference; lastKnownFileType = sourcecode.swift; path = DateFormatter.swift; sourceTree = "<group>"; };
		25019CC02AEA3F3500C116ED /* DebugTempView.swift */ = {isa = PBXFileReference; lastKnownFileType = sourcecode.swift; path = DebugTempView.swift; sourceTree = "<group>"; };
		25019CC22AEA3F8500C116ED /* PushNotificationService.swift */ = {isa = PBXFileReference; lastKnownFileType = sourcecode.swift; path = PushNotificationService.swift; sourceTree = "<group>"; };
		25019CCB2AFCBEC200C116ED /* Raleway-Light.ttf */ = {isa = PBXFileReference; lastKnownFileType = file; path = "Raleway-Light.ttf"; sourceTree = "<group>"; };
		25019CCC2AFCBEC200C116ED /* Raleway-BoldItalic.ttf */ = {isa = PBXFileReference; lastKnownFileType = file; path = "Raleway-BoldItalic.ttf"; sourceTree = "<group>"; };
		25019CCD2AFCBEC200C116ED /* Raleway-ExtraBold.ttf */ = {isa = PBXFileReference; lastKnownFileType = file; path = "Raleway-ExtraBold.ttf"; sourceTree = "<group>"; };
		25019CCE2AFCBEC200C116ED /* Raleway-ExtraBoldItalic.ttf */ = {isa = PBXFileReference; lastKnownFileType = file; path = "Raleway-ExtraBoldItalic.ttf"; sourceTree = "<group>"; };
		25019CCF2AFCBEC200C116ED /* Raleway-SemiBold.ttf */ = {isa = PBXFileReference; lastKnownFileType = file; path = "Raleway-SemiBold.ttf"; sourceTree = "<group>"; };
		25019CD02AFCBEC200C116ED /* Raleway-Bold.ttf */ = {isa = PBXFileReference; lastKnownFileType = file; path = "Raleway-Bold.ttf"; sourceTree = "<group>"; };
		25019CD12AFCBEC200C116ED /* Raleway-ThinItalic.ttf */ = {isa = PBXFileReference; lastKnownFileType = file; path = "Raleway-ThinItalic.ttf"; sourceTree = "<group>"; };
		25019CD22AFCBEC200C116ED /* Raleway-ExtraLight.ttf */ = {isa = PBXFileReference; lastKnownFileType = file; path = "Raleway-ExtraLight.ttf"; sourceTree = "<group>"; };
		25019CD32AFCBEC200C116ED /* Raleway-ExtraLightItalic.ttf */ = {isa = PBXFileReference; lastKnownFileType = file; path = "Raleway-ExtraLightItalic.ttf"; sourceTree = "<group>"; };
		25019CD42AFCBEC200C116ED /* Raleway-Medium.ttf */ = {isa = PBXFileReference; lastKnownFileType = file; path = "Raleway-Medium.ttf"; sourceTree = "<group>"; };
		25019CD52AFCBEC200C116ED /* Raleway-Regular.ttf */ = {isa = PBXFileReference; lastKnownFileType = file; path = "Raleway-Regular.ttf"; sourceTree = "<group>"; };
		25019CD62AFCBEC200C116ED /* Raleway-SemiBoldItalic.ttf */ = {isa = PBXFileReference; lastKnownFileType = file; path = "Raleway-SemiBoldItalic.ttf"; sourceTree = "<group>"; };
		25019CD72AFCBEC200C116ED /* Raleway-Black.ttf */ = {isa = PBXFileReference; lastKnownFileType = file; path = "Raleway-Black.ttf"; sourceTree = "<group>"; };
		25019CD82AFCBEC200C116ED /* Raleway-Italic.ttf */ = {isa = PBXFileReference; lastKnownFileType = file; path = "Raleway-Italic.ttf"; sourceTree = "<group>"; };
		25019CD92AFCBEC200C116ED /* Raleway-LightItalic.ttf */ = {isa = PBXFileReference; lastKnownFileType = file; path = "Raleway-LightItalic.ttf"; sourceTree = "<group>"; };
		25019CDA2AFCBEC300C116ED /* Raleway-BlackItalic.ttf */ = {isa = PBXFileReference; lastKnownFileType = file; path = "Raleway-BlackItalic.ttf"; sourceTree = "<group>"; };
		25019CDB2AFCBEC300C116ED /* Raleway-MediumItalic.ttf */ = {isa = PBXFileReference; lastKnownFileType = file; path = "Raleway-MediumItalic.ttf"; sourceTree = "<group>"; };
		25019CDC2AFCBEC300C116ED /* Raleway-Thin.ttf */ = {isa = PBXFileReference; lastKnownFileType = file; path = "Raleway-Thin.ttf"; sourceTree = "<group>"; };
		2576FB202B2197690075A390 /* PinnedLocations.swift */ = {isa = PBXFileReference; lastKnownFileType = sourcecode.swift; path = PinnedLocations.swift; sourceTree = "<group>"; };
		25D6CD022B055A6A00FCC10A /* MapLocations.swift */ = {isa = PBXFileReference; lastKnownFileType = sourcecode.swift; path = MapLocations.swift; sourceTree = "<group>"; };
		25D6CD042B05641200FCC10A /* MapViewModel.swift */ = {isa = PBXFileReference; lastKnownFileType = sourcecode.swift; path = MapViewModel.swift; sourceTree = "<group>"; };
		25D6CD062B15A99600FCC10A /* GraphView.swift */ = {isa = PBXFileReference; lastKnownFileType = sourcecode.swift; path = GraphView.swift; sourceTree = "<group>"; };
		25D6CD082B15B3FB00FCC10A /* FutureSunrises.swift */ = {isa = PBXFileReference; lastKnownFileType = sourcecode.swift; path = FutureSunrises.swift; sourceTree = "<group>"; };
/* End PBXFileReference section */

/* Begin PBXFrameworksBuildPhase section */
		25019C992AEA058F00C116ED /* Frameworks */ = {
			isa = PBXFrameworksBuildPhase;
			buildActionMask = 2147483647;
			files = (
			);
			runOnlyForDeploymentPostprocessing = 0;
		};
/* End PBXFrameworksBuildPhase section */

/* Begin PBXGroup section */
		25019C932AEA058F00C116ED = {
			isa = PBXGroup;
			children = (
				25019C9E2AEA058F00C116ED /* FinalProject */,
				25019C9D2AEA058F00C116ED /* Products */,
			);
			sourceTree = "<group>";
		};
		25019C9D2AEA058F00C116ED /* Products */ = {
			isa = PBXGroup;
			children = (
				25019C9C2AEA058F00C116ED /* FinalProject.app */,
			);
			name = Products;
			sourceTree = "<group>";
		};
		25019C9E2AEA058F00C116ED /* FinalProject */ = {
			isa = PBXGroup;
			children = (
				25019C9F2AEA058F00C116ED /* FinalProjectApp.swift */,
				25019CB52AEA0ED000C116ED /* Models */,
				25019CB02AEA0D5700C116ED /* ViewModels */,
				25019CAE2AEA0CF700C116ED /* Views */,
				25019CB82AEA142300C116ED /* Services */,
				25019CB92AEA18CD00C116ED /* ViewDefaults */,
				25019CC42AFCB9FB00C116ED /* Fonts */,
				25019CA32AEA059000C116ED /* Assets.xcassets */,
				25019CA52AEA059000C116ED /* FinalProject.entitlements */,
				25019CA62AEA059000C116ED /* Preview Content */,
			);
			path = FinalProject;
			sourceTree = "<group>";
		};
		25019CA62AEA059000C116ED /* Preview Content */ = {
			isa = PBXGroup;
			children = (
				25019CA72AEA059000C116ED /* Preview Assets.xcassets */,
			);
			path = "Preview Content";
			sourceTree = "<group>";
		};
		25019CAE2AEA0CF700C116ED /* Views */ = {
			isa = PBXGroup;
			children = (
				25019CA12AEA058F00C116ED /* ContentView.swift */,
				25019CB12AEA0DDD00C116ED /* CoordinateView.swift */,
				25019CB32AEA0E4700C116ED /* MapView.swift */,
				2576FB202B2197690075A390 /* PinnedLocations.swift */,
				25019CC02AEA3F3500C116ED /* DebugTempView.swift */,
				25D6CD062B15A99600FCC10A /* GraphView.swift */,
			);
			path = Views;
			sourceTree = "<group>";
		};
		25019CB02AEA0D5700C116ED /* ViewModels */ = {
			isa = PBXGroup;
			children = (
				25019CBC2AEA2D3500C116ED /* TimeViewModel.swift */,
				25D6CD042B05641200FCC10A /* MapViewModel.swift */,
			);
			path = ViewModels;
			sourceTree = "<group>";
		};
		25019CB52AEA0ED000C116ED /* Models */ = {
			isa = PBXGroup;
			children = (
				25019CB62AEA11AF00C116ED /* Times.swift */,
				25D6CD022B055A6A00FCC10A /* MapLocations.swift */,
				25D6CD082B15B3FB00FCC10A /* FutureSunrises.swift */,
			);
			path = Models;
			sourceTree = "<group>";
		};
		25019CB82AEA142300C116ED /* Services */ = {
			isa = PBXGroup;
			children = (
				25019CBE2AEA34EC00C116ED /* DateFormatter.swift */,
				25019CC22AEA3F8500C116ED /* PushNotificationService.swift */,
			);
			path = Services;
			sourceTree = "<group>";
		};
		25019CB92AEA18CD00C116ED /* ViewDefaults */ = {
			isa = PBXGroup;
			children = (
				25019CBA2AEA18F800C116ED /* NavigationLinkModifier.swift */,
			);
			path = ViewDefaults;
			sourceTree = "<group>";
		};
		25019CC42AFCB9FB00C116ED /* Fonts */ = {
			isa = PBXGroup;
			children = (
				25019CD72AFCBEC200C116ED /* Raleway-Black.ttf */,
				25019CDA2AFCBEC300C116ED /* Raleway-BlackItalic.ttf */,
				25019CD02AFCBEC200C116ED /* Raleway-Bold.ttf */,
				25019CCC2AFCBEC200C116ED /* Raleway-BoldItalic.ttf */,
				25019CCD2AFCBEC200C116ED /* Raleway-ExtraBold.ttf */,
				25019CCE2AFCBEC200C116ED /* Raleway-ExtraBoldItalic.ttf */,
				25019CD22AFCBEC200C116ED /* Raleway-ExtraLight.ttf */,
				25019CD32AFCBEC200C116ED /* Raleway-ExtraLightItalic.ttf */,
				25019CD82AFCBEC200C116ED /* Raleway-Italic.ttf */,
				25019CCB2AFCBEC200C116ED /* Raleway-Light.ttf */,
				25019CD92AFCBEC200C116ED /* Raleway-LightItalic.ttf */,
				25019CD42AFCBEC200C116ED /* Raleway-Medium.ttf */,
				25019CDB2AFCBEC300C116ED /* Raleway-MediumItalic.ttf */,
				25019CD52AFCBEC200C116ED /* Raleway-Regular.ttf */,
				25019CCF2AFCBEC200C116ED /* Raleway-SemiBold.ttf */,
				25019CD62AFCBEC200C116ED /* Raleway-SemiBoldItalic.ttf */,
				25019CDC2AFCBEC300C116ED /* Raleway-Thin.ttf */,
				25019CD12AFCBEC200C116ED /* Raleway-ThinItalic.ttf */,
			);
			path = Fonts;
			sourceTree = "<group>";
		};
/* End PBXGroup section */

/* Begin PBXNativeTarget section */
		25019C9B2AEA058F00C116ED /* FinalProject */ = {
			isa = PBXNativeTarget;
			buildConfigurationList = 25019CAB2AEA059000C116ED /* Build configuration list for PBXNativeTarget "FinalProject" */;
			buildPhases = (
				25019C982AEA058F00C116ED /* Sources */,
				25019C992AEA058F00C116ED /* Frameworks */,
				25019C9A2AEA058F00C116ED /* Resources */,
			);
			buildRules = (
			);
			dependencies = (
			);
			name = FinalProject;
			productName = FinalProject;
			productReference = 25019C9C2AEA058F00C116ED /* FinalProject.app */;
			productType = "com.apple.product-type.application";
		};
/* End PBXNativeTarget section */

/* Begin PBXProject section */
		25019C942AEA058F00C116ED /* Project object */ = {
			isa = PBXProject;
			attributes = {
				BuildIndependentTargetsInParallel = 1;
				LastSwiftUpdateCheck = 1500;
				LastUpgradeCheck = 1500;
				TargetAttributes = {
					25019C9B2AEA058F00C116ED = {
						CreatedOnToolsVersion = 15.0.1;
					};
				};
			};
			buildConfigurationList = 25019C972AEA058F00C116ED /* Build configuration list for PBXProject "FinalProject" */;
			compatibilityVersion = "Xcode 14.0";
			developmentRegion = en;
			hasScannedForEncodings = 0;
			knownRegions = (
				en,
				Base,
			);
			mainGroup = 25019C932AEA058F00C116ED;
			productRefGroup = 25019C9D2AEA058F00C116ED /* Products */;
			projectDirPath = "";
			projectRoot = "";
			targets = (
				25019C9B2AEA058F00C116ED /* FinalProject */,
			);
		};
/* End PBXProject section */

/* Begin PBXResourcesBuildPhase section */
		25019C9A2AEA058F00C116ED /* Resources */ = {
			isa = PBXResourcesBuildPhase;
			buildActionMask = 2147483647;
			files = (
				25019CDF2AFCBF3300C116ED /* Raleway-ExtraBold.ttf in Resources */,
				25019CE02AFCBF3300C116ED /* Raleway-ExtraBoldItalic.ttf in Resources */,
				25019CE12AFCBF3300C116ED /* Raleway-ExtraLight.ttf in Resources */,
				25019CE22AFCBF3300C116ED /* Raleway-ExtraLightItalic.ttf in Resources */,
				25019CE32AFCBF3300C116ED /* Raleway-Italic.ttf in Resources */,
				25019CE42AFCBF3300C116ED /* Raleway-Light.ttf in Resources */,
				25019CE52AFCBF3300C116ED /* Raleway-LightItalic.ttf in Resources */,
				25019CE62AFCBF3300C116ED /* Raleway-Medium.ttf in Resources */,
				25019CE72AFCBF3300C116ED /* Raleway-MediumItalic.ttf in Resources */,
				25019CE82AFCBF3300C116ED /* Raleway-Regular.ttf in Resources */,
				25019CE92AFCBF3300C116ED /* Raleway-SemiBold.ttf in Resources */,
				25019CEA2AFCBF3300C116ED /* Raleway-SemiBoldItalic.ttf in Resources */,
				25019CEB2AFCBF3300C116ED /* Raleway-Thin.ttf in Resources */,
				25019CEC2AFCBF3300C116ED /* Raleway-ThinItalic.ttf in Resources */,
				25019CDE2AFCBF2A00C116ED /* Raleway-BlackItalic.ttf in Resources */,
				25019CA82AEA059000C116ED /* Preview Assets.xcassets in Resources */,
				25019CA42AEA059000C116ED /* Assets.xcassets in Resources */,
				25019CDD2AFCBF2600C116ED /* Raleway-Black.ttf in Resources */,
			);
			runOnlyForDeploymentPostprocessing = 0;
		};
/* End PBXResourcesBuildPhase section */

/* Begin PBXSourcesBuildPhase section */
		25019C982AEA058F00C116ED /* Sources */ = {
			isa = PBXSourcesBuildPhase;
			buildActionMask = 2147483647;
			files = (
				25D6CD032B055A6A00FCC10A /* MapLocations.swift in Sources */,
				2576FB212B2197690075A390 /* PinnedLocations.swift in Sources */,
				25019CBF2AEA34EC00C116ED /* DateFormatter.swift in Sources */,
				25019CA22AEA058F00C116ED /* ContentView.swift in Sources */,
				25019CB42AEA0E4700C116ED /* MapView.swift in Sources */,
				25019CC12AEA3F3500C116ED /* DebugTempView.swift in Sources */,
				25019CBB2AEA18F800C116ED /* NavigationLinkModifier.swift in Sources */,
				25D6CD072B15A99600FCC10A /* GraphView.swift in Sources */,
				25019CBD2AEA2D3500C116ED /* TimeViewModel.swift in Sources */,
				25019CC32AEA3F8500C116ED /* PushNotificationService.swift in Sources */,
				25D6CD092B15B3FB00FCC10A /* FutureSunrises.swift in Sources */,
				25019CB22AEA0DDD00C116ED /* CoordinateView.swift in Sources */,
				25019CA02AEA058F00C116ED /* FinalProjectApp.swift in Sources */,
				25019CB72AEA11AF00C116ED /* Times.swift in Sources */,
				25D6CD052B05641200FCC10A /* MapViewModel.swift in Sources */,
			);
			runOnlyForDeploymentPostprocessing = 0;
		};
/* End PBXSourcesBuildPhase section */

/* Begin XCBuildConfiguration section */
		25019CA92AEA059000C116ED /* Debug */ = {
			isa = XCBuildConfiguration;
			buildSettings = {
				ALWAYS_SEARCH_USER_PATHS = NO;
				ASSETCATALOG_COMPILER_GENERATE_SWIFT_ASSET_SYMBOL_EXTENSIONS = YES;
				CLANG_ANALYZER_NONNULL = YES;
				CLANG_ANALYZER_NUMBER_OBJECT_CONVERSION = YES_AGGRESSIVE;
				CLANG_CXX_LANGUAGE_STANDARD = "gnu++20";
				CLANG_ENABLE_MODULES = YES;
				CLANG_ENABLE_OBJC_ARC = YES;
				CLANG_ENABLE_OBJC_WEAK = YES;
				CLANG_WARN_BLOCK_CAPTURE_AUTORELEASING = YES;
				CLANG_WARN_BOOL_CONVERSION = YES;
				CLANG_WARN_COMMA = YES;
				CLANG_WARN_CONSTANT_CONVERSION = YES;
				CLANG_WARN_DEPRECATED_OBJC_IMPLEMENTATIONS = YES;
				CLANG_WARN_DIRECT_OBJC_ISA_USAGE = YES_ERROR;
				CLANG_WARN_DOCUMENTATION_COMMENTS = YES;
				CLANG_WARN_EMPTY_BODY = YES;
				CLANG_WARN_ENUM_CONVERSION = YES;
				CLANG_WARN_INFINITE_RECURSION = YES;
				CLANG_WARN_INT_CONVERSION = YES;
				CLANG_WARN_NON_LITERAL_NULL_CONVERSION = YES;
				CLANG_WARN_OBJC_IMPLICIT_RETAIN_SELF = YES;
				CLANG_WARN_OBJC_LITERAL_CONVERSION = YES;
				CLANG_WARN_OBJC_ROOT_CLASS = YES_ERROR;
				CLANG_WARN_QUOTED_INCLUDE_IN_FRAMEWORK_HEADER = YES;
				CLANG_WARN_RANGE_LOOP_ANALYSIS = YES;
				CLANG_WARN_STRICT_PROTOTYPES = YES;
				CLANG_WARN_SUSPICIOUS_MOVE = YES;
				CLANG_WARN_UNGUARDED_AVAILABILITY = YES_AGGRESSIVE;
				CLANG_WARN_UNREACHABLE_CODE = YES;
				CLANG_WARN__DUPLICATE_METHOD_MATCH = YES;
				COPY_PHASE_STRIP = NO;
				DEBUG_INFORMATION_FORMAT = dwarf;
				ENABLE_STRICT_OBJC_MSGSEND = YES;
				ENABLE_TESTABILITY = YES;
				ENABLE_USER_SCRIPT_SANDBOXING = YES;
				GCC_C_LANGUAGE_STANDARD = gnu17;
				GCC_DYNAMIC_NO_PIC = NO;
				GCC_NO_COMMON_BLOCKS = YES;
				GCC_OPTIMIZATION_LEVEL = 0;
				GCC_PREPROCESSOR_DEFINITIONS = (
					"DEBUG=1",
					"$(inherited)",
				);
				GCC_WARN_64_TO_32_BIT_CONVERSION = YES;
				GCC_WARN_ABOUT_RETURN_TYPE = YES_ERROR;
				GCC_WARN_UNDECLARED_SELECTOR = YES;
				GCC_WARN_UNINITIALIZED_AUTOS = YES_AGGRESSIVE;
				GCC_WARN_UNUSED_FUNCTION = YES;
				GCC_WARN_UNUSED_VARIABLE = YES;
				LOCALIZATION_PREFERS_STRING_CATALOGS = YES;
				MTL_ENABLE_DEBUG_INFO = INCLUDE_SOURCE;
				MTL_FAST_MATH = YES;
				ONLY_ACTIVE_ARCH = YES;
				SWIFT_ACTIVE_COMPILATION_CONDITIONS = "DEBUG $(inherited)";
				SWIFT_OPTIMIZATION_LEVEL = "-Onone";
			};
			name = Debug;
		};
		25019CAA2AEA059000C116ED /* Release */ = {
			isa = XCBuildConfiguration;
			buildSettings = {
				ALWAYS_SEARCH_USER_PATHS = NO;
				ASSETCATALOG_COMPILER_GENERATE_SWIFT_ASSET_SYMBOL_EXTENSIONS = YES;
				CLANG_ANALYZER_NONNULL = YES;
				CLANG_ANALYZER_NUMBER_OBJECT_CONVERSION = YES_AGGRESSIVE;
				CLANG_CXX_LANGUAGE_STANDARD = "gnu++20";
				CLANG_ENABLE_MODULES = YES;
				CLANG_ENABLE_OBJC_ARC = YES;
				CLANG_ENABLE_OBJC_WEAK = YES;
				CLANG_WARN_BLOCK_CAPTURE_AUTORELEASING = YES;
				CLANG_WARN_BOOL_CONVERSION = YES;
				CLANG_WARN_COMMA = YES;
				CLANG_WARN_CONSTANT_CONVERSION = YES;
				CLANG_WARN_DEPRECATED_OBJC_IMPLEMENTATIONS = YES;
				CLANG_WARN_DIRECT_OBJC_ISA_USAGE = YES_ERROR;
				CLANG_WARN_DOCUMENTATION_COMMENTS = YES;
				CLANG_WARN_EMPTY_BODY = YES;
				CLANG_WARN_ENUM_CONVERSION = YES;
				CLANG_WARN_INFINITE_RECURSION = YES;
				CLANG_WARN_INT_CONVERSION = YES;
				CLANG_WARN_NON_LITERAL_NULL_CONVERSION = YES;
				CLANG_WARN_OBJC_IMPLICIT_RETAIN_SELF = YES;
				CLANG_WARN_OBJC_LITERAL_CONVERSION = YES;
				CLANG_WARN_OBJC_ROOT_CLASS = YES_ERROR;
				CLANG_WARN_QUOTED_INCLUDE_IN_FRAMEWORK_HEADER = YES;
				CLANG_WARN_RANGE_LOOP_ANALYSIS = YES;
				CLANG_WARN_STRICT_PROTOTYPES = YES;
				CLANG_WARN_SUSPICIOUS_MOVE = YES;
				CLANG_WARN_UNGUARDED_AVAILABILITY = YES_AGGRESSIVE;
				CLANG_WARN_UNREACHABLE_CODE = YES;
				CLANG_WARN__DUPLICATE_METHOD_MATCH = YES;
				COPY_PHASE_STRIP = NO;
				DEBUG_INFORMATION_FORMAT = "dwarf-with-dsym";
				ENABLE_NS_ASSERTIONS = NO;
				ENABLE_STRICT_OBJC_MSGSEND = YES;
				ENABLE_USER_SCRIPT_SANDBOXING = YES;
				GCC_C_LANGUAGE_STANDARD = gnu17;
				GCC_NO_COMMON_BLOCKS = YES;
				GCC_WARN_64_TO_32_BIT_CONVERSION = YES;
				GCC_WARN_ABOUT_RETURN_TYPE = YES_ERROR;
				GCC_WARN_UNDECLARED_SELECTOR = YES;
				GCC_WARN_UNINITIALIZED_AUTOS = YES_AGGRESSIVE;
				GCC_WARN_UNUSED_FUNCTION = YES;
				GCC_WARN_UNUSED_VARIABLE = YES;
				LOCALIZATION_PREFERS_STRING_CATALOGS = YES;
				MTL_ENABLE_DEBUG_INFO = NO;
				MTL_FAST_MATH = YES;
				SWIFT_COMPILATION_MODE = wholemodule;
			};
			name = Release;
		};
		25019CAC2AEA059000C116ED /* Debug */ = {
			isa = XCBuildConfiguration;
			buildSettings = {
				ASSETCATALOG_COMPILER_APPICON_NAME = AppIcon;
				ASSETCATALOG_COMPILER_GLOBAL_ACCENT_COLOR_NAME = AccentColor;
				CODE_SIGN_ENTITLEMENTS = FinalProject/FinalProject.entitlements;
				CODE_SIGN_STYLE = Automatic;
				CURRENT_PROJECT_VERSION = 1;
				DEVELOPMENT_ASSET_PATHS = "\"FinalProject/Preview Content\"";
				DEVELOPMENT_TEAM = SQG5S96FV5;
				ENABLE_HARDENED_RUNTIME = YES;
				ENABLE_PREVIEWS = YES;
				GENERATE_INFOPLIST_FILE = YES;
				"INFOPLIST_KEY_UIApplicationSceneManifest_Generation[sdk=iphoneos*]" = YES;
				"INFOPLIST_KEY_UIApplicationSceneManifest_Generation[sdk=iphonesimulator*]" = YES;
				"INFOPLIST_KEY_UIApplicationSupportsIndirectInputEvents[sdk=iphoneos*]" = YES;
				"INFOPLIST_KEY_UIApplicationSupportsIndirectInputEvents[sdk=iphonesimulator*]" = YES;
				"INFOPLIST_KEY_UILaunchScreen_Generation[sdk=iphoneos*]" = YES;
				"INFOPLIST_KEY_UILaunchScreen_Generation[sdk=iphonesimulator*]" = YES;
				"INFOPLIST_KEY_UIStatusBarStyle[sdk=iphoneos*]" = UIStatusBarStyleDefault;
				"INFOPLIST_KEY_UIStatusBarStyle[sdk=iphonesimulator*]" = UIStatusBarStyleDefault;
				INFOPLIST_KEY_UISupportedInterfaceOrientations_iPad = "UIInterfaceOrientationPortrait UIInterfaceOrientationPortraitUpsideDown UIInterfaceOrientationLandscapeLeft UIInterfaceOrientationLandscapeRight";
				INFOPLIST_KEY_UISupportedInterfaceOrientations_iPhone = "UIInterfaceOrientationPortrait UIInterfaceOrientationLandscapeLeft UIInterfaceOrientationLandscapeRight";
				IPHONEOS_DEPLOYMENT_TARGET = 17.0;
				LD_RUNPATH_SEARCH_PATHS = "@executable_path/Frameworks";
				"LD_RUNPATH_SEARCH_PATHS[sdk=macosx*]" = "@executable_path/../Frameworks";
				MACOSX_DEPLOYMENT_TARGET = 14.0;
				MARKETING_VERSION = 1.0;
				PRODUCT_BUNDLE_IDENTIFIER = ATLS4120.FinalProject;
				PRODUCT_NAME = "$(TARGET_NAME)";
				SDKROOT = auto;
				SUPPORTED_PLATFORMS = "iphoneos iphonesimulator macosx";
				SWIFT_EMIT_LOC_STRINGS = YES;
				SWIFT_VERSION = 5.0;
				TARGETED_DEVICE_FAMILY = "1,2";
			};
			name = Debug;
		};
		25019CAD2AEA059000C116ED /* Release */ = {
			isa = XCBuildConfiguration;
			buildSettings = {
				ASSETCATALOG_COMPILER_APPICON_NAME = AppIcon;
				ASSETCATALOG_COMPILER_GLOBAL_ACCENT_COLOR_NAME = AccentColor;
				CODE_SIGN_ENTITLEMENTS = FinalProject/FinalProject.entitlements;
				CODE_SIGN_STYLE = Automatic;
				CURRENT_PROJECT_VERSION = 1;
				DEVELOPMENT_ASSET_PATHS = "\"FinalProject/Preview Content\"";
				DEVELOPMENT_TEAM = SQG5S96FV5;
				ENABLE_HARDENED_RUNTIME = YES;
				ENABLE_PREVIEWS = YES;
				GENERATE_INFOPLIST_FILE = YES;
				"INFOPLIST_KEY_UIApplicationSceneManifest_Generation[sdk=iphoneos*]" = YES;
				"INFOPLIST_KEY_UIApplicationSceneManifest_Generation[sdk=iphonesimulator*]" = YES;
				"INFOPLIST_KEY_UIApplicationSupportsIndirectInputEvents[sdk=iphoneos*]" = YES;
				"INFOPLIST_KEY_UIApplicationSupportsIndirectInputEvents[sdk=iphonesimulator*]" = YES;
				"INFOPLIST_KEY_UILaunchScreen_Generation[sdk=iphoneos*]" = YES;
				"INFOPLIST_KEY_UILaunchScreen_Generation[sdk=iphonesimulator*]" = YES;
				"INFOPLIST_KEY_UIStatusBarStyle[sdk=iphoneos*]" = UIStatusBarStyleDefault;
				"INFOPLIST_KEY_UIStatusBarStyle[sdk=iphonesimulator*]" = UIStatusBarStyleDefault;
				INFOPLIST_KEY_UISupportedInterfaceOrientations_iPad = "UIInterfaceOrientationPortrait UIInterfaceOrientationPortraitUpsideDown UIInterfaceOrientationLandscapeLeft UIInterfaceOrientationLandscapeRight";
				INFOPLIST_KEY_UISupportedInterfaceOrientations_iPhone = "UIInterfaceOrientationPortrait UIInterfaceOrientationLandscapeLeft UIInterfaceOrientationLandscapeRight";
				IPHONEOS_DEPLOYMENT_TARGET = 17.0;
				LD_RUNPATH_SEARCH_PATHS = "@executable_path/Frameworks";
				"LD_RUNPATH_SEARCH_PATHS[sdk=macosx*]" = "@executable_path/../Frameworks";
				MACOSX_DEPLOYMENT_TARGET = 14.0;
				MARKETING_VERSION = 1.0;
				PRODUCT_BUNDLE_IDENTIFIER = ATLS4120.FinalProject;
				PRODUCT_NAME = "$(TARGET_NAME)";
				SDKROOT = auto;
				SUPPORTED_PLATFORMS = "iphoneos iphonesimulator macosx";
				SWIFT_EMIT_LOC_STRINGS = YES;
				SWIFT_VERSION = 5.0;
				TARGETED_DEVICE_FAMILY = "1,2";
			};
			name = Release;
		};
/* End XCBuildConfiguration section */

/* Begin XCConfigurationList section */
		25019C972AEA058F00C116ED /* Build configuration list for PBXProject "FinalProject" */ = {
			isa = XCConfigurationList;
			buildConfigurations = (
				25019CA92AEA059000C116ED /* Debug */,
				25019CAA2AEA059000C116ED /* Release */,
			);
			defaultConfigurationIsVisible = 0;
			defaultConfigurationName = Release;
		};
		25019CAB2AEA059000C116ED /* Build configuration list for PBXNativeTarget "FinalProject" */ = {
			isa = XCConfigurationList;
			buildConfigurations = (
				25019CAC2AEA059000C116ED /* Debug */,
				25019CAD2AEA059000C116ED /* Release */,
			);
			defaultConfigurationIsVisible = 0;
			defaultConfigurationName = Release;
		};
/* End XCConfigurationList section */
	};
	rootObject = 25019C942AEA058F00C116ED /* Project object */;
}
